
Microsoft Visual Studio Solution File, Format Version 12.00
# Visual Studio Version 17
VisualStudioVersion = 17.2.32616.157
MinimumVisualStudioVersion = 10.0.40219.1
Project("{FAE04EC0-301F-11D3-BF4B-00C04F79EFBC}") = "PharmacyProject", "PharmacyProject.csproj", "{D05517D0-66AF-4A81-B625-AD534C285A1A}"
EndProject
Global
	GlobalSection(SolutionConfigurationPlatforms) = preSolution
		Debug|Any CPU = Debug|Any CPU
		Release|Any CPU = Release|Any CPU
	EndGlobalSection
	GlobalSection(ProjectConfigurationPlatforms) = postSolution
		{D05517D0-66AF-4A81-B625-AD534C285A1A}.Debug|Any CPU.ActiveCfg = Debug|Any CPU
		{D05517D0-66AF-4A81-B625-AD534C285A1A}.Debug|Any CPU.Build.0 = Debug|Any CPU
		{D05517D0-66AF-4A81-B625-AD534C285A1A}.Release|Any CPU.ActiveCfg = Release|Any CPU
		{D05517D0-66AF-4A81-B625-AD534C285A1A}.Release|Any CPU.Build.0 = Release|Any CPU
	EndGlobalSection
	GlobalSection(SolutionProperties) = preSolution
		HideSolutionNode = FALSE
	EndGlobalSection
	GlobalSection(ExtensibilityGlobals) = postSolution
		SolutionGuid = {DDACEEBF-EF43-4154-82B3-4F6EF92A3B59}
	EndGlobalSection
EndGlobal
